// !$*UTF8*$!
{
	archiveVersion = 1;
	classes = {
	};
	objectVersion = 56;
	objects = {

/* Begin PBXBuildFile section */
		0C573DAC2ACE5E83008928D1 /* AppDelegate.swift in Sources */ = {isa = PBXBuildFile; fileRef = 0C573DAB2ACE5E83008928D1 /* AppDelegate.swift */; };
		0C573DAE2ACE5E83008928D1 /* SceneDelegate.swift in Sources */ = {isa = PBXBuildFile; fileRef = 0C573DAD2ACE5E83008928D1 /* SceneDelegate.swift */; };
		0C573DB52ACE5E86008928D1 /* Assets.xcassets in Resources */ = {isa = PBXBuildFile; fileRef = 0C573DB42ACE5E86008928D1 /* Assets.xcassets */; };
		0C573DB82ACE5E86008928D1 /* LaunchScreen.storyboard in Resources */ = {isa = PBXBuildFile; fileRef = 0C573DB62ACE5E86008928D1 /* LaunchScreen.storyboard */; };
		0C573DC32ACE5E86008928D1 /* ezWeatherTests.swift in Sources */ = {isa = PBXBuildFile; fileRef = 0C573DC22ACE5E86008928D1 /* ezWeatherTests.swift */; };
		0C573DCD2ACE5E86008928D1 /* ezWeatherUITests.swift in Sources */ = {isa = PBXBuildFile; fileRef = 0C573DCC2ACE5E86008928D1 /* ezWeatherUITests.swift */; };
		0C573DCF2ACE5E86008928D1 /* ezWeatherUITestsLaunchTests.swift in Sources */ = {isa = PBXBuildFile; fileRef = 0C573DCE2ACE5E86008928D1 /* ezWeatherUITestsLaunchTests.swift */; };
		0C573DDF2ACE6734008928D1 /* Coordinator.swift in Sources */ = {isa = PBXBuildFile; fileRef = 0C573DDE2ACE6734008928D1 /* Coordinator.swift */; };
		0C573DE12ACE67D8008928D1 /* WeatherCoordinator.swift in Sources */ = {isa = PBXBuildFile; fileRef = 0C573DE02ACE67D8008928D1 /* WeatherCoordinator.swift */; };
		0C573DE32ACE68A6008928D1 /* WeatherViewController.swift in Sources */ = {isa = PBXBuildFile; fileRef = 0C573DE22ACE68A6008928D1 /* WeatherViewController.swift */; };
		0C573DEA2ACE7530008928D1 /* ViewCode.swift in Sources */ = {isa = PBXBuildFile; fileRef = 0C573DE92ACE7530008928D1 /* ViewCode.swift */; };
		0C573DEC2ACE761C008928D1 /* Bindable.swift in Sources */ = {isa = PBXBuildFile; fileRef = 0C573DEB2ACE761B008928D1 /* Bindable.swift */; };
		0C573DEE2ACE77A8008928D1 /* WeatherView.swift in Sources */ = {isa = PBXBuildFile; fileRef = 0C573DED2ACE77A8008928D1 /* WeatherView.swift */; };
		0C573DF02ACE791A008928D1 /* WeatherViewModel.swift in Sources */ = {isa = PBXBuildFile; fileRef = 0C573DEF2ACE791A008928D1 /* WeatherViewModel.swift */; };
		0C573DF22ACE7A28008928D1 /* Weather.swift in Sources */ = {isa = PBXBuildFile; fileRef = 0C573DF12ACE7A28008928D1 /* Weather.swift */; };
		0C573DF42ACE7B2A008928D1 /* WeatherService.swift in Sources */ = {isa = PBXBuildFile; fileRef = 0C573DF32ACE7B2A008928D1 /* WeatherService.swift */; };
		0C573DF62ACE8392008928D1 /* WeatherServiceHTTP.swift in Sources */ = {isa = PBXBuildFile; fileRef = 0C573DF52ACE8392008928D1 /* WeatherServiceHTTP.swift */; };
		0C573DFB2ACE8813008928D1 /* WeatherResponse.swift in Sources */ = {isa = PBXBuildFile; fileRef = 0C573DFA2ACE8813008928D1 /* WeatherResponse.swift */; };
		0CB73A912B8ECED6007088C3 /* LoadingViewContainer.swift in Sources */ = {isa = PBXBuildFile; fileRef = 0CB73A902B8ECED6007088C3 /* LoadingViewContainer.swift */; };
		0CB73A932B8ED1AA007088C3 /* ErrorViewContainer.swift in Sources */ = {isa = PBXBuildFile; fileRef = 0CB73A922B8ED1AA007088C3 /* ErrorViewContainer.swift */; };
		0CED674E2B8EA7F700426D9E /* RobotoCondensed-Regular.ttf in Resources */ = {isa = PBXBuildFile; fileRef = 0CED674D2B8EA7F700426D9E /* RobotoCondensed-Regular.ttf */; };
		0CED67502B8EAEA900426D9E /* Sturkopf.ttf in Resources */ = {isa = PBXBuildFile; fileRef = 0CED674F2B8EAEA900426D9E /* Sturkopf.ttf */; };
/* End PBXBuildFile section */

/* Begin PBXContainerItemProxy section */
		0C573DBF2ACE5E86008928D1 /* PBXContainerItemProxy */ = {
			isa = PBXContainerItemProxy;
			containerPortal = 0C573DA02ACE5E83008928D1 /* Project object */;
			proxyType = 1;
			remoteGlobalIDString = 0C573DA72ACE5E83008928D1;
			remoteInfo = ezWeather;
		};
		0C573DC92ACE5E86008928D1 /* PBXContainerItemProxy */ = {
			isa = PBXContainerItemProxy;
			containerPortal = 0C573DA02ACE5E83008928D1 /* Project object */;
			proxyType = 1;
			remoteGlobalIDString = 0C573DA72ACE5E83008928D1;
			remoteInfo = ezWeather;
		};
/* End PBXContainerItemProxy section */

/* Begin PBXFileReference section */
		0C573DA82ACE5E83008928D1 /* ezWeather.app */ = {isa = PBXFileReference; explicitFileType = wrapper.application; includeInIndex = 0; path = ezWeather.app; sourceTree = BUILT_PRODUCTS_DIR; };
		0C573DAB2ACE5E83008928D1 /* AppDelegate.swift */ = {isa = PBXFileReference; lastKnownFileType = sourcecode.swift; path = AppDelegate.swift; sourceTree = "<group>"; };
		0C573DAD2ACE5E83008928D1 /* SceneDelegate.swift */ = {isa = PBXFileReference; lastKnownFileType = sourcecode.swift; path = SceneDelegate.swift; sourceTree = "<group>"; };
		0C573DB42ACE5E86008928D1 /* Assets.xcassets */ = {isa = PBXFileReference; lastKnownFileType = folder.assetcatalog; path = Assets.xcassets; sourceTree = "<group>"; };
		0C573DB72ACE5E86008928D1 /* Base */ = {isa = PBXFileReference; lastKnownFileType = file.storyboard; name = Base; path = Base.lproj/LaunchScreen.storyboard; sourceTree = "<group>"; };
		0C573DB92ACE5E86008928D1 /* Info.plist */ = {isa = PBXFileReference; lastKnownFileType = text.plist.xml; path = Info.plist; sourceTree = "<group>"; };
		0C573DBE2ACE5E86008928D1 /* ezWeatherTests.xctest */ = {isa = PBXFileReference; explicitFileType = wrapper.cfbundle; includeInIndex = 0; path = ezWeatherTests.xctest; sourceTree = BUILT_PRODUCTS_DIR; };
		0C573DC22ACE5E86008928D1 /* ezWeatherTests.swift */ = {isa = PBXFileReference; lastKnownFileType = sourcecode.swift; path = ezWeatherTests.swift; sourceTree = "<group>"; };
		0C573DC82ACE5E86008928D1 /* ezWeatherUITests.xctest */ = {isa = PBXFileReference; explicitFileType = wrapper.cfbundle; includeInIndex = 0; path = ezWeatherUITests.xctest; sourceTree = BUILT_PRODUCTS_DIR; };
		0C573DCC2ACE5E86008928D1 /* ezWeatherUITests.swift */ = {isa = PBXFileReference; lastKnownFileType = sourcecode.swift; path = ezWeatherUITests.swift; sourceTree = "<group>"; };
		0C573DCE2ACE5E86008928D1 /* ezWeatherUITestsLaunchTests.swift */ = {isa = PBXFileReference; lastKnownFileType = sourcecode.swift; path = ezWeatherUITestsLaunchTests.swift; sourceTree = "<group>"; };
		0C573DDE2ACE6734008928D1 /* Coordinator.swift */ = {isa = PBXFileReference; lastKnownFileType = sourcecode.swift; path = Coordinator.swift; sourceTree = "<group>"; };
		0C573DE02ACE67D8008928D1 /* WeatherCoordinator.swift */ = {isa = PBXFileReference; lastKnownFileType = sourcecode.swift; path = WeatherCoordinator.swift; sourceTree = "<group>"; };
		0C573DE22ACE68A6008928D1 /* WeatherViewController.swift */ = {isa = PBXFileReference; lastKnownFileType = sourcecode.swift; path = WeatherViewController.swift; sourceTree = "<group>"; };
		0C573DE92ACE7530008928D1 /* ViewCode.swift */ = {isa = PBXFileReference; lastKnownFileType = sourcecode.swift; path = ViewCode.swift; sourceTree = "<group>"; };
		0C573DEB2ACE761B008928D1 /* Bindable.swift */ = {isa = PBXFileReference; lastKnownFileType = sourcecode.swift; path = Bindable.swift; sourceTree = "<group>"; };
		0C573DED2ACE77A8008928D1 /* WeatherView.swift */ = {isa = PBXFileReference; lastKnownFileType = sourcecode.swift; path = WeatherView.swift; sourceTree = "<group>"; };
		0C573DEF2ACE791A008928D1 /* WeatherViewModel.swift */ = {isa = PBXFileReference; lastKnownFileType = sourcecode.swift; path = WeatherViewModel.swift; sourceTree = "<group>"; };
		0C573DF12ACE7A28008928D1 /* Weather.swift */ = {isa = PBXFileReference; lastKnownFileType = sourcecode.swift; path = Weather.swift; sourceTree = "<group>"; };
		0C573DF32ACE7B2A008928D1 /* WeatherService.swift */ = {isa = PBXFileReference; lastKnownFileType = sourcecode.swift; path = WeatherService.swift; sourceTree = "<group>"; };
		0C573DF52ACE8392008928D1 /* WeatherServiceHTTP.swift */ = {isa = PBXFileReference; lastKnownFileType = sourcecode.swift; path = WeatherServiceHTTP.swift; sourceTree = "<group>"; };
		0C573DFA2ACE8813008928D1 /* WeatherResponse.swift */ = {isa = PBXFileReference; lastKnownFileType = sourcecode.swift; path = WeatherResponse.swift; sourceTree = "<group>"; };
		0CB73A902B8ECED6007088C3 /* LoadingViewContainer.swift */ = {isa = PBXFileReference; lastKnownFileType = sourcecode.swift; path = LoadingViewContainer.swift; sourceTree = "<group>"; };
		0CB73A922B8ED1AA007088C3 /* ErrorViewContainer.swift */ = {isa = PBXFileReference; lastKnownFileType = sourcecode.swift; path = ErrorViewContainer.swift; sourceTree = "<group>"; };
		0CED674D2B8EA7F700426D9E /* RobotoCondensed-Regular.ttf */ = {isa = PBXFileReference; lastKnownFileType = file; path = "RobotoCondensed-Regular.ttf"; sourceTree = "<group>"; };
		0CED674F2B8EAEA900426D9E /* Sturkopf.ttf */ = {isa = PBXFileReference; lastKnownFileType = file; path = Sturkopf.ttf; sourceTree = "<group>"; };
/* End PBXFileReference section */

/* Begin PBXFrameworksBuildPhase section */
		0C573DA52ACE5E83008928D1 /* Frameworks */ = {
			isa = PBXFrameworksBuildPhase;
			buildActionMask = 2147483647;
			files = (
			);
			runOnlyForDeploymentPostprocessing = 0;
		};
		0C573DBB2ACE5E86008928D1 /* Frameworks */ = {
			isa = PBXFrameworksBuildPhase;
			buildActionMask = 2147483647;
			files = (
			);
			runOnlyForDeploymentPostprocessing = 0;
		};
		0C573DC52ACE5E86008928D1 /* Frameworks */ = {
			isa = PBXFrameworksBuildPhase;
			buildActionMask = 2147483647;
			files = (
			);
			runOnlyForDeploymentPostprocessing = 0;
		};
/* End PBXFrameworksBuildPhase section */

/* Begin PBXGroup section */
		0C573D9F2ACE5E83008928D1 = {
			isa = PBXGroup;
			children = (
				0C573DAA2ACE5E83008928D1 /* ezWeather */,
				0C573DDB2ACE66FB008928D1 /* Source */,
				0C573DC12ACE5E86008928D1 /* ezWeatherTests */,
				0C573DCB2ACE5E86008928D1 /* ezWeatherUITests */,
				0C573DA92ACE5E83008928D1 /* Products */,
			);
			sourceTree = "<group>";
		};
		0C573DA92ACE5E83008928D1 /* Products */ = {
			isa = PBXGroup;
			children = (
				0C573DA82ACE5E83008928D1 /* ezWeather.app */,
				0C573DBE2ACE5E86008928D1 /* ezWeatherTests.xctest */,
				0C573DC82ACE5E86008928D1 /* ezWeatherUITests.xctest */,
			);
			name = Products;
			sourceTree = "<group>";
		};
		0C573DAA2ACE5E83008928D1 /* ezWeather */ = {
			isa = PBXGroup;
			children = (
				0C573DAB2ACE5E83008928D1 /* AppDelegate.swift */,
				0C573DAD2ACE5E83008928D1 /* SceneDelegate.swift */,
				0C573DB42ACE5E86008928D1 /* Assets.xcassets */,
				0C573DB92ACE5E86008928D1 /* Info.plist */,
				0C573DB62ACE5E86008928D1 /* LaunchScreen.storyboard */,
			);
			path = ezWeather;
			sourceTree = "<group>";
		};
		0C573DC12ACE5E86008928D1 /* ezWeatherTests */ = {
			isa = PBXGroup;
			children = (
				0C573DC22ACE5E86008928D1 /* ezWeatherTests.swift */,
			);
			path = ezWeatherTests;
			sourceTree = "<group>";
		};
		0C573DCB2ACE5E86008928D1 /* ezWeatherUITests */ = {
			isa = PBXGroup;
			children = (
				0C573DCC2ACE5E86008928D1 /* ezWeatherUITests.swift */,
				0C573DCE2ACE5E86008928D1 /* ezWeatherUITestsLaunchTests.swift */,
			);
			path = ezWeatherUITests;
			sourceTree = "<group>";
		};
		0C573DDB2ACE66FB008928D1 /* Source */ = {
			isa = PBXGroup;
			children = (
				0C573DE82ACE74FE008928D1 /* Base */,
				0C573DDC2ACE6704008928D1 /* Coordinators */,
				0C573DDD2ACE6710008928D1 /* Weather Screen */,
			);
			path = Source;
			sourceTree = "<group>";
		};
		0C573DDC2ACE6704008928D1 /* Coordinators */ = {
			isa = PBXGroup;
			children = (
				0C573DDE2ACE6734008928D1 /* Coordinator.swift */,
				0C573DE02ACE67D8008928D1 /* WeatherCoordinator.swift */,
			);
			path = Coordinators;
			sourceTree = "<group>";
		};
		0C573DDD2ACE6710008928D1 /* Weather Screen */ = {
			isa = PBXGroup;
			children = (
				0C573DE42ACE747A008928D1 /* Model */,
				0C573DE52ACE7486008928D1 /* Service */,
				0C573DE62ACE748E008928D1 /* View */,
				0C573DE72ACE74A1008928D1 /* ViewModel */,
			);
			path = "Weather Screen";
			sourceTree = "<group>";
		};
		0C573DE42ACE747A008928D1 /* Model */ = {
			isa = PBXGroup;
			children = (
				0C573DF12ACE7A28008928D1 /* Weather.swift */,
			);
			path = Model;
			sourceTree = "<group>";
		};
		0C573DE52ACE7486008928D1 /* Service */ = {
			isa = PBXGroup;
			children = (
				0C573DF32ACE7B2A008928D1 /* WeatherService.swift */,
				0C573DF52ACE8392008928D1 /* WeatherServiceHTTP.swift */,
				0C573DFA2ACE8813008928D1 /* WeatherResponse.swift */,
			);
			path = Service;
			sourceTree = "<group>";
		};
		0C573DE62ACE748E008928D1 /* View */ = {
			isa = PBXGroup;
			children = (
				0C573DE22ACE68A6008928D1 /* WeatherViewController.swift */,
				0C573DED2ACE77A8008928D1 /* WeatherView.swift */,
			);
			path = View;
			sourceTree = "<group>";
		};
		0C573DE72ACE74A1008928D1 /* ViewModel */ = {
			isa = PBXGroup;
			children = (
				0C573DEF2ACE791A008928D1 /* WeatherViewModel.swift */,
			);
			path = ViewModel;
			sourceTree = "<group>";
		};
		0C573DE82ACE74FE008928D1 /* Base */ = {
			isa = PBXGroup;
			children = (
				0CED674C2B8EA7A200426D9E /* Fonts */,
				0C573DE92ACE7530008928D1 /* ViewCode.swift */,
				0C573DEB2ACE761B008928D1 /* Bindable.swift */,
				0CB73A902B8ECED6007088C3 /* LoadingViewContainer.swift */,
				0CB73A922B8ED1AA007088C3 /* ErrorViewContainer.swift */,
			);
			path = Base;
			sourceTree = "<group>";
		};
		0CED674C2B8EA7A200426D9E /* Fonts */ = {
			isa = PBXGroup;
			children = (
				0CED674F2B8EAEA900426D9E /* Sturkopf.ttf */,
				0CED674D2B8EA7F700426D9E /* RobotoCondensed-Regular.ttf */,
			);
			path = Fonts;
			sourceTree = "<group>";
		};
/* End PBXGroup section */

/* Begin PBXNativeTarget section */
		0C573DA72ACE5E83008928D1 /* ezWeather */ = {
			isa = PBXNativeTarget;
			buildConfigurationList = 0C573DD22ACE5E86008928D1 /* Build configuration list for PBXNativeTarget "ezWeather" */;
			buildPhases = (
				0C573DA42ACE5E83008928D1 /* Sources */,
				0C573DA52ACE5E83008928D1 /* Frameworks */,
				0C573DA62ACE5E83008928D1 /* Resources */,
			);
			buildRules = (
			);
			dependencies = (
			);
			name = ezWeather;
			productName = ezWeather;
			productReference = 0C573DA82ACE5E83008928D1 /* ezWeather.app */;
			productType = "com.apple.product-type.application";
		};
		0C573DBD2ACE5E86008928D1 /* ezWeatherTests */ = {
			isa = PBXNativeTarget;
			buildConfigurationList = 0C573DD52ACE5E86008928D1 /* Build configuration list for PBXNativeTarget "ezWeatherTests" */;
			buildPhases = (
				0C573DBA2ACE5E86008928D1 /* Sources */,
				0C573DBB2ACE5E86008928D1 /* Frameworks */,
				0C573DBC2ACE5E86008928D1 /* Resources */,
			);
			buildRules = (
			);
			dependencies = (
				0C573DC02ACE5E86008928D1 /* PBXTargetDependency */,
			);
			name = ezWeatherTests;
			productName = ezWeatherTests;
			productReference = 0C573DBE2ACE5E86008928D1 /* ezWeatherTests.xctest */;
			productType = "com.apple.product-type.bundle.unit-test";
		};
		0C573DC72ACE5E86008928D1 /* ezWeatherUITests */ = {
			isa = PBXNativeTarget;
			buildConfigurationList = 0C573DD82ACE5E86008928D1 /* Build configuration list for PBXNativeTarget "ezWeatherUITests" */;
			buildPhases = (
				0C573DC42ACE5E86008928D1 /* Sources */,
				0C573DC52ACE5E86008928D1 /* Frameworks */,
				0C573DC62ACE5E86008928D1 /* Resources */,
			);
			buildRules = (
			);
			dependencies = (
				0C573DCA2ACE5E86008928D1 /* PBXTargetDependency */,
			);
			name = ezWeatherUITests;
			productName = ezWeatherUITests;
			productReference = 0C573DC82ACE5E86008928D1 /* ezWeatherUITests.xctest */;
			productType = "com.apple.product-type.bundle.ui-testing";
		};
/* End PBXNativeTarget section */

/* Begin PBXProject section */
		0C573DA02ACE5E83008928D1 /* Project object */ = {
			isa = PBXProject;
			attributes = {
				BuildIndependentTargetsInParallel = 1;
				LastSwiftUpdateCheck = 1500;
				LastUpgradeCheck = 1500;
				TargetAttributes = {
					0C573DA72ACE5E83008928D1 = {
						CreatedOnToolsVersion = 15.0;
					};
					0C573DBD2ACE5E86008928D1 = {
						CreatedOnToolsVersion = 15.0;
						TestTargetID = 0C573DA72ACE5E83008928D1;
					};
					0C573DC72ACE5E86008928D1 = {
						CreatedOnToolsVersion = 15.0;
						TestTargetID = 0C573DA72ACE5E83008928D1;
					};
				};
			};
			buildConfigurationList = 0C573DA32ACE5E83008928D1 /* Build configuration list for PBXProject "ezWeather" */;
			compatibilityVersion = "Xcode 14.0";
			developmentRegion = en;
			hasScannedForEncodings = 0;
			knownRegions = (
				en,
				Base,
			);
			mainGroup = 0C573D9F2ACE5E83008928D1;
			productRefGroup = 0C573DA92ACE5E83008928D1 /* Products */;
			projectDirPath = "";
			projectRoot = "";
			targets = (
				0C573DA72ACE5E83008928D1 /* ezWeather */,
				0C573DBD2ACE5E86008928D1 /* ezWeatherTests */,
				0C573DC72ACE5E86008928D1 /* ezWeatherUITests */,
			);
		};
/* End PBXProject section */

/* Begin PBXResourcesBuildPhase section */
		0C573DA62ACE5E83008928D1 /* Resources */ = {
			isa = PBXResourcesBuildPhase;
			buildActionMask = 2147483647;
			files = (
				0CED674E2B8EA7F700426D9E /* RobotoCondensed-Regular.ttf in Resources */,
				0C573DB82ACE5E86008928D1 /* LaunchScreen.storyboard in Resources */,
				0CED67502B8EAEA900426D9E /* Sturkopf.ttf in Resources */,
				0C573DB52ACE5E86008928D1 /* Assets.xcassets in Resources */,
			);
			runOnlyForDeploymentPostprocessing = 0;
		};
		0C573DBC2ACE5E86008928D1 /* Resources */ = {
			isa = PBXResourcesBuildPhase;
			buildActionMask = 2147483647;
			files = (
			);
			runOnlyForDeploymentPostprocessing = 0;
		};
		0C573DC62ACE5E86008928D1 /* Resources */ = {
			isa = PBXResourcesBuildPhase;
			buildActionMask = 2147483647;
			files = (
			);
			runOnlyForDeploymentPostprocessing = 0;
		};
/* End PBXResourcesBuildPhase section */

/* Begin PBXSourcesBuildPhase section */
		0C573DA42ACE5E83008928D1 /* Sources */ = {
			isa = PBXSourcesBuildPhase;
			buildActionMask = 2147483647;
			files = (
				0C573DAC2ACE5E83008928D1 /* AppDelegate.swift in Sources */,
				0C573DF02ACE791A008928D1 /* WeatherViewModel.swift in Sources */,
				0C573DFB2ACE8813008928D1 /* WeatherResponse.swift in Sources */,
				0C573DF42ACE7B2A008928D1 /* WeatherService.swift in Sources */,
				0C573DEC2ACE761C008928D1 /* Bindable.swift in Sources */,
				0C573DF62ACE8392008928D1 /* WeatherServiceHTTP.swift in Sources */,
				0C573DE32ACE68A6008928D1 /* WeatherViewController.swift in Sources */,
				0C573DF22ACE7A28008928D1 /* Weather.swift in Sources */,
				0C573DAE2ACE5E83008928D1 /* SceneDelegate.swift in Sources */,
				0CB73A932B8ED1AA007088C3 /* ErrorViewContainer.swift in Sources */,
				0C573DDF2ACE6734008928D1 /* Coordinator.swift in Sources */,
				0C573DE12ACE67D8008928D1 /* WeatherCoordinator.swift in Sources */,
				0C573DEA2ACE7530008928D1 /* ViewCode.swift in Sources */,
				0C573DEE2ACE77A8008928D1 /* WeatherView.swift in Sources */,
				0CB73A912B8ECED6007088C3 /* LoadingViewContainer.swift in Sources */,
			);
			runOnlyForDeploymentPostprocessing = 0;
		};
		0C573DBA2ACE5E86008928D1 /* Sources */ = {
			isa = PBXSourcesBuildPhase;
			buildActionMask = 2147483647;
			files = (
				0C573DC32ACE5E86008928D1 /* ezWeatherTests.swift in Sources */,
			);
			runOnlyForDeploymentPostprocessing = 0;
		};
		0C573DC42ACE5E86008928D1 /* Sources */ = {
			isa = PBXSourcesBuildPhase;
			buildActionMask = 2147483647;
			files = (
				0C573DCF2ACE5E86008928D1 /* ezWeatherUITestsLaunchTests.swift in Sources */,
				0C573DCD2ACE5E86008928D1 /* ezWeatherUITests.swift in Sources */,
			);
			runOnlyForDeploymentPostprocessing = 0;
		};
/* End PBXSourcesBuildPhase section */

/* Begin PBXTargetDependency section */
		0C573DC02ACE5E86008928D1 /* PBXTargetDependency */ = {
			isa = PBXTargetDependency;
			target = 0C573DA72ACE5E83008928D1 /* ezWeather */;
			targetProxy = 0C573DBF2ACE5E86008928D1 /* PBXContainerItemProxy */;
		};
		0C573DCA2ACE5E86008928D1 /* PBXTargetDependency */ = {
			isa = PBXTargetDependency;
			target = 0C573DA72ACE5E83008928D1 /* ezWeather */;
			targetProxy = 0C573DC92ACE5E86008928D1 /* PBXContainerItemProxy */;
		};
/* End PBXTargetDependency section */

/* Begin PBXVariantGroup section */
		0C573DB62ACE5E86008928D1 /* LaunchScreen.storyboard */ = {
			isa = PBXVariantGroup;
			children = (
				0C573DB72ACE5E86008928D1 /* Base */,
			);
			name = LaunchScreen.storyboard;
			sourceTree = "<group>";
		};
/* End PBXVariantGroup section */

/* Begin XCBuildConfiguration section */
		0C573DD02ACE5E86008928D1 /* Debug */ = {
			isa = XCBuildConfiguration;
			buildSettings = {
				ALWAYS_SEARCH_USER_PATHS = NO;
				ASSETCATALOG_COMPILER_GENERATE_SWIFT_ASSET_SYMBOL_EXTENSIONS = YES;
				CLANG_ANALYZER_NONNULL = YES;
				CLANG_ANALYZER_NUMBER_OBJECT_CONVERSION = YES_AGGRESSIVE;
				CLANG_CXX_LANGUAGE_STANDARD = "gnu++20";
				CLANG_ENABLE_MODULES = YES;
				CLANG_ENABLE_OBJC_ARC = YES;
				CLANG_ENABLE_OBJC_WEAK = YES;
				CLANG_WARN_BLOCK_CAPTURE_AUTORELEASING = YES;
				CLANG_WARN_BOOL_CONVERSION = YES;
				CLANG_WARN_COMMA = YES;
				CLANG_WARN_CONSTANT_CONVERSION = YES;
				CLANG_WARN_DEPRECATED_OBJC_IMPLEMENTATIONS = YES;
				CLANG_WARN_DIRECT_OBJC_ISA_USAGE = YES_ERROR;
				CLANG_WARN_DOCUMENTATION_COMMENTS = YES;
				CLANG_WARN_EMPTY_BODY = YES;
				CLANG_WARN_ENUM_CONVERSION = YES;
				CLANG_WARN_INFINITE_RECURSION = YES;
				CLANG_WARN_INT_CONVERSION = YES;
				CLANG_WARN_NON_LITERAL_NULL_CONVERSION = YES;
				CLANG_WARN_OBJC_IMPLICIT_RETAIN_SELF = YES;
				CLANG_WARN_OBJC_LITERAL_CONVERSION = YES;
				CLANG_WARN_OBJC_ROOT_CLASS = YES_ERROR;
				CLANG_WARN_QUOTED_INCLUDE_IN_FRAMEWORK_HEADER = YES;
				CLANG_WARN_RANGE_LOOP_ANALYSIS = YES;
				CLANG_WARN_STRICT_PROTOTYPES = YES;
				CLANG_WARN_SUSPICIOUS_MOVE = YES;
				CLANG_WARN_UNGUARDED_AVAILABILITY = YES_AGGRESSIVE;
				CLANG_WARN_UNREACHABLE_CODE = YES;
				CLANG_WARN__DUPLICATE_METHOD_MATCH = YES;
				COPY_PHASE_STRIP = NO;
				DEBUG_INFORMATION_FORMAT = dwarf;
				ENABLE_STRICT_OBJC_MSGSEND = YES;
				ENABLE_TESTABILITY = YES;
				ENABLE_USER_SCRIPT_SANDBOXING = YES;
				GCC_C_LANGUAGE_STANDARD = gnu17;
				GCC_DYNAMIC_NO_PIC = NO;
				GCC_NO_COMMON_BLOCKS = YES;
				GCC_OPTIMIZATION_LEVEL = 0;
				GCC_PREPROCESSOR_DEFINITIONS = (
					"DEBUG=1",
					"$(inherited)",
				);
				GCC_WARN_64_TO_32_BIT_CONVERSION = YES;
				GCC_WARN_ABOUT_RETURN_TYPE = YES_ERROR;
				GCC_WARN_UNDECLARED_SELECTOR = YES;
				GCC_WARN_UNINITIALIZED_AUTOS = YES_AGGRESSIVE;
				GCC_WARN_UNUSED_FUNCTION = YES;
				GCC_WARN_UNUSED_VARIABLE = YES;
				IPHONEOS_DEPLOYMENT_TARGET = 17.0;
				LOCALIZATION_PREFERS_STRING_CATALOGS = YES;
				MTL_ENABLE_DEBUG_INFO = INCLUDE_SOURCE;
				MTL_FAST_MATH = YES;
				ONLY_ACTIVE_ARCH = YES;
				SDKROOT = iphoneos;
				SWIFT_ACTIVE_COMPILATION_CONDITIONS = "DEBUG $(inherited)";
				SWIFT_OPTIMIZATION_LEVEL = "-Onone";
			};
			name = Debug;
		};
		0C573DD12ACE5E86008928D1 /* Release */ = {
			isa = XCBuildConfiguration;
			buildSettings = {
				ALWAYS_SEARCH_USER_PATHS = NO;
				ASSETCATALOG_COMPILER_GENERATE_SWIFT_ASSET_SYMBOL_EXTENSIONS = YES;
				CLANG_ANALYZER_NONNULL = YES;
				CLANG_ANALYZER_NUMBER_OBJECT_CONVERSION = YES_AGGRESSIVE;
				CLANG_CXX_LANGUAGE_STANDARD = "gnu++20";
				CLANG_ENABLE_MODULES = YES;
				CLANG_ENABLE_OBJC_ARC = YES;
				CLANG_ENABLE_OBJC_WEAK = YES;
				CLANG_WARN_BLOCK_CAPTURE_AUTORELEASING = YES;
				CLANG_WARN_BOOL_CONVERSION = YES;
				CLANG_WARN_COMMA = YES;
				CLANG_WARN_CONSTANT_CONVERSION = YES;
				CLANG_WARN_DEPRECATED_OBJC_IMPLEMENTATIONS = YES;
				CLANG_WARN_DIRECT_OBJC_ISA_USAGE = YES_ERROR;
				CLANG_WARN_DOCUMENTATION_COMMENTS = YES;
				CLANG_WARN_EMPTY_BODY = YES;
				CLANG_WARN_ENUM_CONVERSION = YES;
				CLANG_WARN_INFINITE_RECURSION = YES;
				CLANG_WARN_INT_CONVERSION = YES;
				CLANG_WARN_NON_LITERAL_NULL_CONVERSION = YES;
				CLANG_WARN_OBJC_IMPLICIT_RETAIN_SELF = YES;
				CLANG_WARN_OBJC_LITERAL_CONVERSION = YES;
				CLANG_WARN_OBJC_ROOT_CLASS = YES_ERROR;
				CLANG_WARN_QUOTED_INCLUDE_IN_FRAMEWORK_HEADER = YES;
				CLANG_WARN_RANGE_LOOP_ANALYSIS = YES;
				CLANG_WARN_STRICT_PROTOTYPES = YES;
				CLANG_WARN_SUSPICIOUS_MOVE = YES;
				CLANG_WARN_UNGUARDED_AVAILABILITY = YES_AGGRESSIVE;
				CLANG_WARN_UNREACHABLE_CODE = YES;
				CLANG_WARN__DUPLICATE_METHOD_MATCH = YES;
				COPY_PHASE_STRIP = NO;
				DEBUG_INFORMATION_FORMAT = "dwarf-with-dsym";
				ENABLE_NS_ASSERTIONS = NO;
				ENABLE_STRICT_OBJC_MSGSEND = YES;
				ENABLE_USER_SCRIPT_SANDBOXING = YES;
				GCC_C_LANGUAGE_STANDARD = gnu17;
				GCC_NO_COMMON_BLOCKS = YES;
				GCC_WARN_64_TO_32_BIT_CONVERSION = YES;
				GCC_WARN_ABOUT_RETURN_TYPE = YES_ERROR;
				GCC_WARN_UNDECLARED_SELECTOR = YES;
				GCC_WARN_UNINITIALIZED_AUTOS = YES_AGGRESSIVE;
				GCC_WARN_UNUSED_FUNCTION = YES;
				GCC_WARN_UNUSED_VARIABLE = YES;
				IPHONEOS_DEPLOYMENT_TARGET = 17.0;
				LOCALIZATION_PREFERS_STRING_CATALOGS = YES;
				MTL_ENABLE_DEBUG_INFO = NO;
				MTL_FAST_MATH = YES;
				SDKROOT = iphoneos;
				SWIFT_COMPILATION_MODE = wholemodule;
				VALIDATE_PRODUCT = YES;
			};
			name = Release;
		};
		0C573DD32ACE5E86008928D1 /* Debug */ = {
			isa = XCBuildConfiguration;
			buildSettings = {
				ASSETCATALOG_COMPILER_APPICON_NAME = AppIcon;
				ASSETCATALOG_COMPILER_GLOBAL_ACCENT_COLOR_NAME = AccentColor;
				CODE_SIGN_STYLE = Automatic;
				CURRENT_PROJECT_VERSION = 1;
				GENERATE_INFOPLIST_FILE = YES;
				INFOPLIST_FILE = ezWeather/Info.plist;
				INFOPLIST_KEY_UIApplicationSupportsIndirectInputEvents = YES;
				INFOPLIST_KEY_UILaunchStoryboardName = LaunchScreen;
				INFOPLIST_KEY_UIMainStoryboardFile = "";
				INFOPLIST_KEY_UISupportedInterfaceOrientations_iPad = "UIInterfaceOrientationPortrait UIInterfaceOrientationPortraitUpsideDown UIInterfaceOrientationLandscapeLeft UIInterfaceOrientationLandscapeRight";
				INFOPLIST_KEY_UISupportedInterfaceOrientations_iPhone = "UIInterfaceOrientationPortrait UIInterfaceOrientationLandscapeLeft UIInterfaceOrientationLandscapeRight";
				LD_RUNPATH_SEARCH_PATHS = (
					"$(inherited)",
					"@executable_path/Frameworks",
				);
				MARKETING_VERSION = 1.0;
				PRODUCT_BUNDLE_IDENTIFIER = com.faguilhermo.ezWeather;
				PRODUCT_NAME = "$(TARGET_NAME)";
				SWIFT_EMIT_LOC_STRINGS = YES;
				SWIFT_VERSION = 5.0;
				TARGETED_DEVICE_FAMILY = "1,2";
			};
			name = Debug;
		};
		0C573DD42ACE5E86008928D1 /* Release */ = {
			isa = XCBuildConfiguration;
			buildSettings = {
				ASSETCATALOG_COMPILER_APPICON_NAME = AppIcon;
				ASSETCATALOG_COMPILER_GLOBAL_ACCENT_COLOR_NAME = AccentColor;
				CODE_SIGN_STYLE = Automatic;
				CURRENT_PROJECT_VERSION = 1;
				GENERATE_INFOPLIST_FILE = YES;
				INFOPLIST_FILE = ezWeather/Info.plist;
				INFOPLIST_KEY_UIApplicationSupportsIndirectInputEvents = YES;
				INFOPLIST_KEY_UILaunchStoryboardName = LaunchScreen;
				INFOPLIST_KEY_UIMainStoryboardFile = "";
				INFOPLIST_KEY_UISupportedInterfaceOrientations_iPad = "UIInterfaceOrientationPortrait UIInterfaceOrientationPortraitUpsideDown UIInterfaceOrientationLandscapeLeft UIInterfaceOrientationLandscapeRight";
				INFOPLIST_KEY_UISupportedInterfaceOrientations_iPhone = "UIInterfaceOrientationPortrait UIInterfaceOrientationLandscapeLeft UIInterfaceOrientationLandscapeRight";
				LD_RUNPATH_SEARCH_PATHS = (
					"$(inherited)",
					"@executable_path/Frameworks",
				);
				MARKETING_VERSION = 1.0;
				PRODUCT_BUNDLE_IDENTIFIER = com.faguilhermo.ezWeather;
				PRODUCT_NAME = "$(TARGET_NAME)";
				SWIFT_EMIT_LOC_STRINGS = YES;
				SWIFT_VERSION = 5.0;
				TARGETED_DEVICE_FAMILY = "1,2";
			};
			name = Release;
		};
		0C573DD62ACE5E86008928D1 /* Debug */ = {
			isa = XCBuildConfiguration;
			buildSettings = {
				ALWAYS_EMBED_SWIFT_STANDARD_LIBRARIES = YES;
				BUNDLE_LOADER = "$(TEST_HOST)";
				CODE_SIGN_STYLE = Automatic;
				CURRENT_PROJECT_VERSION = 1;
				GENERATE_INFOPLIST_FILE = YES;
				IPHONEOS_DEPLOYMENT_TARGET = 17.0;
				MARKETING_VERSION = 1.0;
				PRODUCT_BUNDLE_IDENTIFIER = com.faguilhermo.ezWeatherTests;
				PRODUCT_NAME = "$(TARGET_NAME)";
				SWIFT_EMIT_LOC_STRINGS = NO;
				SWIFT_VERSION = 5.0;
				TARGETED_DEVICE_FAMILY = "1,2";
				TEST_HOST = "$(BUILT_PRODUCTS_DIR)/ezWeather.app/$(BUNDLE_EXECUTABLE_FOLDER_PATH)/ezWeather";
			};
			name = Debug;
		};
		0C573DD72ACE5E86008928D1 /* Release */ = {
			isa = XCBuildConfiguration;
			buildSettings = {
				ALWAYS_EMBED_SWIFT_STANDARD_LIBRARIES = YES;
				BUNDLE_LOADER = "$(TEST_HOST)";
				CODE_SIGN_STYLE = Automatic;
				CURRENT_PROJECT_VERSION = 1;
				GENERATE_INFOPLIST_FILE = YES;
				IPHONEOS_DEPLOYMENT_TARGET = 17.0;
				MARKETING_VERSION = 1.0;
				PRODUCT_BUNDLE_IDENTIFIER = com.faguilhermo.ezWeatherTests;
				PRODUCT_NAME = "$(TARGET_NAME)";
				SWIFT_EMIT_LOC_STRINGS = NO;
				SWIFT_VERSION = 5.0;
				TARGETED_DEVICE_FAMILY = "1,2";
				TEST_HOST = "$(BUILT_PRODUCTS_DIR)/ezWeather.app/$(BUNDLE_EXECUTABLE_FOLDER_PATH)/ezWeather";
			};
			name = Release;
		};
		0C573DD92ACE5E86008928D1 /* Debug */ = {
			isa = XCBuildConfiguration;
			buildSettings = {
				ALWAYS_EMBED_SWIFT_STANDARD_LIBRARIES = YES;
				CODE_SIGN_STYLE = Automatic;
				CURRENT_PROJECT_VERSION = 1;
				GENERATE_INFOPLIST_FILE = YES;
				MARKETING_VERSION = 1.0;
				PRODUCT_BUNDLE_IDENTIFIER = com.faguilhermo.ezWeatherUITests;
				PRODUCT_NAME = "$(TARGET_NAME)";
				SWIFT_EMIT_LOC_STRINGS = NO;
				SWIFT_VERSION = 5.0;
				TARGETED_DEVICE_FAMILY = "1,2";
				TEST_TARGET_NAME = ezWeather;
			};
			name = Debug;
		};
		0C573DDA2ACE5E86008928D1 /* Release */ = {
			isa = XCBuildConfiguration;
			buildSettings = {
				ALWAYS_EMBED_SWIFT_STANDARD_LIBRARIES = YES;
				CODE_SIGN_STYLE = Automatic;
				CURRENT_PROJECT_VERSION = 1;
				GENERATE_INFOPLIST_FILE = YES;
				MARKETING_VERSION = 1.0;
				PRODUCT_BUNDLE_IDENTIFIER = com.faguilhermo.ezWeatherUITests;
				PRODUCT_NAME = "$(TARGET_NAME)";
				SWIFT_EMIT_LOC_STRINGS = NO;
				SWIFT_VERSION = 5.0;
				TARGETED_DEVICE_FAMILY = "1,2";
				TEST_TARGET_NAME = ezWeather;
			};
			name = Release;
		};
/* End XCBuildConfiguration section */

/* Begin XCConfigurationList section */
		0C573DA32ACE5E83008928D1 /* Build configuration list for PBXProject "ezWeather" */ = {
			isa = XCConfigurationList;
			buildConfigurations = (
				0C573DD02ACE5E86008928D1 /* Debug */,
				0C573DD12ACE5E86008928D1 /* Release */,
			);
			defaultConfigurationIsVisible = 0;
			defaultConfigurationName = Release;
		};
		0C573DD22ACE5E86008928D1 /* Build configuration list for PBXNativeTarget "ezWeather" */ = {
			isa = XCConfigurationList;
			buildConfigurations = (
				0C573DD32ACE5E86008928D1 /* Debug */,
				0C573DD42ACE5E86008928D1 /* Release */,
			);
			defaultConfigurationIsVisible = 0;
			defaultConfigurationName = Release;
		};
		0C573DD52ACE5E86008928D1 /* Build configuration list for PBXNativeTarget "ezWeatherTests" */ = {
			isa = XCConfigurationList;
			buildConfigurations = (
				0C573DD62ACE5E86008928D1 /* Debug */,
				0C573DD72ACE5E86008928D1 /* Release */,
			);
			defaultConfigurationIsVisible = 0;
			defaultConfigurationName = Release;
		};
		0C573DD82ACE5E86008928D1 /* Build configuration list for PBXNativeTarget "ezWeatherUITests" */ = {
			isa = XCConfigurationList;
			buildConfigurations = (
				0C573DD92ACE5E86008928D1 /* Debug */,
				0C573DDA2ACE5E86008928D1 /* Release */,
			);
			defaultConfigurationIsVisible = 0;
			defaultConfigurationName = Release;
		};
/* End XCConfigurationList section */
	};
	rootObject = 0C573DA02ACE5E83008928D1 /* Project object */;
}
